
Microsoft Visual Studio Solution File, Format Version 12.00
# Visual Studio Version 17
VisualStudioVersion = 17.12.35506.116
MinimumVisualStudioVersion = 10.0.40219.1
Project("{FAE04EC0-301F-11D3-BF4B-00C04F79EFBC}") = "ToolBaoNail", "ToolBaoNail\ToolBaoNail.csproj", "{2F1AE85E-C768-488E-8854-1E8AF2AD407F}"
EndProject
Project("{FAE04EC0-301F-11D3-BF4B-00C04F79EFBC}") = "Data", "Data\Data.csproj", "{252A1F2F-D7F2-483B-91AD-AB0773B13000}"
EndProject
Global
	GlobalSection(SolutionConfigurationPlatforms) = preSolution
		Debug|Any CPU = Debug|Any CPU
		Release|Any CPU = Release|Any CPU
	EndGlobalSection
	GlobalSection(ProjectConfigurationPlatforms) = postSolution
		{2F1AE85E-C768-488E-8854-1E8AF2AD407F}.Debug|Any CPU.ActiveCfg = Debug|Any CPU
		{2F1AE85E-C768-488E-8854-1E8AF2AD407F}.Debug|Any CPU.Build.0 = Debug|Any CPU
		{2F1AE85E-C768-488E-8854-1E8AF2AD407F}.Release|Any CPU.ActiveCfg = Release|Any CPU
		{2F1AE85E-C768-488E-8854-1E8AF2AD407F}.Release|Any CPU.Build.0 = Release|Any CPU
		{252A1F2F-D7F2-483B-91AD-AB0773B13000}.Debug|Any CPU.ActiveCfg = Debug|Any CPU
		{252A1F2F-D7F2-483B-91AD-AB0773B13000}.Debug|Any CPU.Build.0 = Debug|Any CPU
		{252A1F2F-D7F2-483B-91AD-AB0773B13000}.Release|Any CPU.ActiveCfg = Release|Any CPU
		{252A1F2F-D7F2-483B-91AD-AB0773B13000}.Release|Any CPU.Build.0 = Release|Any CPU
	EndGlobalSection
	GlobalSection(SolutionProperties) = preSolution
		HideSolutionNode = FALSE
	EndGlobalSection
EndGlobal
